PODS:
  - Alamofire (5.5.0)
  - DZNEmptyDataSet (1.8.1)
  - MBProgressHUD (1.2.0)
  - MJRefresh (3.7.5)
  - Moya/Core (15.0.0):
    - Alamofire (~> 5.0)
  - Moya/RxSwift (15.0.0):
    - Moya/Core
    - RxSwift (~> 6.0)
  - ReachabilitySwift (5.0.0)
  - ReactorKit (3.2.0):
    - RxSwift (~> 6.0)
    - WeakMapTable (~> 1.1)
  - RxCocoa (6.5.0):
    - RxRelay (= 6.5.0)
    - RxSwift (= 6.5.0)
  - RxRelay (6.5.0):
    - RxSwift (= 6.5.0)
  - RxSwift (6.5.0)
  - SDWebImage (5.12.3):
    - SDWebImage/Core (= 5.12.3)
  - SDWebImage/Core (5.12.3)
  - SmartCodable (6.0.6):
    - SmartCodable/Core (= 6.0.6)
  - SmartCodable/Core (6.0.6)
  - SnapKit (5.7.1)
  - URLNavigator (2.3.0)
  - WeakMapTable (1.2.0)

DEPENDENCIES:
  - DZNEmptyDataSet
  - MBProgressHUD
  - MJRefresh
  - Moya/RxSwift
  - ReachabilitySwift
  - ReactorKit
  - RxCocoa
  - RxSwift
  - SDWebImage
  - SmartCodable
  - SnapKit
  - URLNavigator

SPEC REPOS:
  https://github.com/CocoaPods/Specs.git:
    - Alamofire
    - DZNEmptyDataSet
    - MBProgressHUD
    - MJRefresh
    - Moya
    - ReachabilitySwift
    - ReactorKit
    - RxCocoa
    - RxRelay
    - RxSwift
    - SDWebImage
    - SmartCodable
    - SnapKit
    - URLNavigator
    - WeakMapTable

SPEC CHECKSUMS:
  Alamofire: 1c4fb5369c3fe93d2857c780d8bbe09f06f97e7c
  DZNEmptyDataSet: 9525833b9e68ac21c30253e1d3d7076cc828eaa7
  MBProgressHUD: 3ee5efcc380f6a79a7cc9b363dd669c5e1ae7406
  MJRefresh: fdf5e979eb406a0341468932d1dfc8b7f9fce961
  Moya: 138f0573e53411fb3dc17016add0b748dfbd78ee
  ReachabilitySwift: 985039c6f7b23a1da463388634119492ff86c825
  ReactorKit: e8b11d6b9c415405f381669b095c154a05b59eca
  RxCocoa: 94f817b71c07517321eb4f9ad299112ca8af743b
  RxRelay: 1de1523e604c72b6c68feadedd1af3b1b4d0ecbd
  RxSwift: 5710a9e6b17f3c3d6e40d6e559b9fa1e813b2ef8
  SDWebImage: 53179a2dba77246efa8a9b85f5c5b21f8f43e38f
  SmartCodable: b423095dd1041f8b0bacbdcc251814e5d5f583f8
  SnapKit: d612e99e678a2d3b95bf60b0705ed0a35c03484a
  URLNavigator: 2593c0e2d293732ec5c44503cf54dceba1a68085
  WeakMapTable: 05c694ce8439a7a9ebabb56187287a63c57673d6

PODFILE CHECKSUM: 354920a67c4b85f326971d309dda18e84022beef

COCOAPODS: 1.16.2
